hash: 09a47c00ac00200037ea0cfccd51f3bb7af0c086f08e037592a7f74837f1bfdb
updated: 2018-01-21T12:20:07.283062984-05:00
imports:
- name: github.com/aws/aws-sdk-go-v2
  version: 936d0f34ccd864b1f40b64e6910f2b1001713793
  subpackages:
  - aws
  - aws/awserr
  - aws/defaults
  - aws/ec2metadata
  - aws/ec2rolecreds
  - aws/endpointcreds
  - aws/endpoints
  - aws/external
  - aws/signer/v4
  - aws/stscreds
  - internal/awsutil
  - internal/sdk
  - private/protocol
  - private/protocol/query
  - private/protocol/query/queryutil
  - private/protocol/rest
  - private/protocol/restxml
  - private/protocol/xml/xmlutil
  - service/s3
  - service/sts
- name: github.com/go-ini/ini
  version: 32e4c1e6bc4e7d0d8451aa6b75200d19e37a536a
- name: github.com/jmespath/go-jmespath
  version: dd801d4f4ce7ac746e7e7b4489d2fa600b3b096b
testImports: []
